
Microsoft Visual Studio Solution File, Format Version 12.00
# Visual Studio Version 17
VisualStudioVersion = 17.5.33209.295
MinimumVisualStudioVersion = 10.0.40219.1
Project("{FAE04EC0-301F-11D3-BF4B-00C04F79EFBC}") = "Course", "Course.csproj", "{547B7D83-56CE-467D-8BF9-F31953944A08}"
EndProject
Global
	GlobalSection(SolutionConfigurationPlatforms) = preSolution
		Debug|Any CPU = Debug|Any CPU
		Release|Any CPU = Release|Any CPU
	EndGlobalSection
	GlobalSection(ProjectConfigurationPlatforms) = postSolution
		{547B7D83-56CE-467D-8BF9-F31953944A08}.Debug|Any CPU.ActiveCfg = Debug|Any CPU
		{547B7D83-56CE-467D-8BF9-F31953944A08}.Debug|Any CPU.Build.0 = Debug|Any CPU
		{547B7D83-56CE-467D-8BF9-F31953944A08}.Release|Any CPU.ActiveCfg = Release|Any CPU
		{547B7D83-56CE-467D-8BF9-F31953944A08}.Release|Any CPU.Build.0 = Release|Any CPU
	EndGlobalSection
	GlobalSection(SolutionProperties) = preSolution
		HideSolutionNode = FALSE
	EndGlobalSection
	GlobalSection(ExtensibilityGlobals) = postSolution
		SolutionGuid = {7BC0B688-11B5-4EAF-8A42-CD1050AD8D22}
	EndGlobalSection
EndGlobal
